
Microsoft Visual Studio Solution File, Format Version 12.00
# Visual Studio Version 16
VisualStudioVersion = 16.0.30516.212
MinimumVisualStudioVersion = 10.0.40219.1
Project("{9A19103F-16F7-4668-BE54-9A1E7A4F7556}") = "BancoEisen.Models", "BancoEisen.Models\BancoEisen.Models.csproj", "{1BDBB627-43D3-4672-BCAC-5AEECD156057}"
EndProject
Project("{9A19103F-16F7-4668-BE54-9A1E7A4F7556}") = "BancoEisen.Data", "BancoEisen.Data\BancoEisen.Data.csproj", "{137FFB2C-DA80-43B2-B13F-6448D33A5DFF}"
EndProject
Project("{9A19103F-16F7-4668-BE54-9A1E7A4F7556}") = "BancoEisen.API", "BancoEisen.API\BancoEisen.API.csproj", "{088EC562-299C-49BF-95C7-AD2B4EBCB320}"
EndProject
Project("{9A19103F-16F7-4668-BE54-9A1E7A4F7556}") = "BancoEisen.AuthProvider", "BancoEisen.AuthProvider\BancoEisen.AuthProvider.csproj", "{1D8C76C0-7E07-4A06-B6E6-191A20E5F3D1}"
EndProject
Project("{FAE04EC0-301F-11D3-BF4B-00C04F79EFBC}") = "BancoEisen.Services", "BancoEisen.Services\BancoEisen.Services.csproj", "{E6FD4AFB-52FA-4FEB-8C85-12CECB310014}"
EndProject
Global
	GlobalSection(SolutionConfigurationPlatforms) = preSolution
		Debug|Any CPU = Debug|Any CPU
		Release|Any CPU = Release|Any CPU
	EndGlobalSection
	GlobalSection(ProjectConfigurationPlatforms) = postSolution
		{1BDBB627-43D3-4672-BCAC-5AEECD156057}.Debug|Any CPU.ActiveCfg = Debug|Any CPU
		{1BDBB627-43D3-4672-BCAC-5AEECD156057}.Debug|Any CPU.Build.0 = Debug|Any CPU
		{1BDBB627-43D3-4672-BCAC-5AEECD156057}.Release|Any CPU.ActiveCfg = Release|Any CPU
		{1BDBB627-43D3-4672-BCAC-5AEECD156057}.Release|Any CPU.Build.0 = Release|Any CPU
		{137FFB2C-DA80-43B2-B13F-6448D33A5DFF}.Debug|Any CPU.ActiveCfg = Debug|Any CPU
		{137FFB2C-DA80-43B2-B13F-6448D33A5DFF}.Debug|Any CPU.Build.0 = Debug|Any CPU
		{137FFB2C-DA80-43B2-B13F-6448D33A5DFF}.Release|Any CPU.ActiveCfg = Release|Any CPU
		{137FFB2C-DA80-43B2-B13F-6448D33A5DFF}.Release|Any CPU.Build.0 = Release|Any CPU
		{088EC562-299C-49BF-95C7-AD2B4EBCB320}.Debug|Any CPU.ActiveCfg = Debug|Any CPU
		{088EC562-299C-49BF-95C7-AD2B4EBCB320}.Debug|Any CPU.Build.0 = Debug|Any CPU
		{088EC562-299C-49BF-95C7-AD2B4EBCB320}.Release|Any CPU.ActiveCfg = Release|Any CPU
		{088EC562-299C-49BF-95C7-AD2B4EBCB320}.Release|Any CPU.Build.0 = Release|Any CPU
		{1D8C76C0-7E07-4A06-B6E6-191A20E5F3D1}.Debug|Any CPU.ActiveCfg = Debug|Any CPU
		{1D8C76C0-7E07-4A06-B6E6-191A20E5F3D1}.Debug|Any CPU.Build.0 = Debug|Any CPU
		{1D8C76C0-7E07-4A06-B6E6-191A20E5F3D1}.Release|Any CPU.ActiveCfg = Release|Any CPU
		{1D8C76C0-7E07-4A06-B6E6-191A20E5F3D1}.Release|Any CPU.Build.0 = Release|Any CPU
		{E6FD4AFB-52FA-4FEB-8C85-12CECB310014}.Debug|Any CPU.ActiveCfg = Debug|Any CPU
		{E6FD4AFB-52FA-4FEB-8C85-12CECB310014}.Debug|Any CPU.Build.0 = Debug|Any CPU
		{E6FD4AFB-52FA-4FEB-8C85-12CECB310014}.Release|Any CPU.ActiveCfg = Release|Any CPU
		{E6FD4AFB-52FA-4FEB-8C85-12CECB310014}.Release|Any CPU.Build.0 = Release|Any CPU
	EndGlobalSection
	GlobalSection(SolutionProperties) = preSolution
		HideSolutionNode = FALSE
	EndGlobalSection
	GlobalSection(ExtensibilityGlobals) = postSolution
		SolutionGuid = {120635DB-D482-4C22-9A39-B56918BE2E28}
	EndGlobalSection
EndGlobal
