
Microsoft Visual Studio Solution File, Format Version 12.00
# Visual Studio Version 16
VisualStudioVersion = 16.0.30516.212
MinimumVisualStudioVersion = 10.0.40219.1
Project("{9A19103F-16F7-4668-BE54-9A1E7A4F7556}") = "BancoEisen.Models", "BancoEisen.Models\BancoEisen.Models.csproj", "{1BDBB627-43D3-4672-BCAC-5AEECD156057}"
EndProject
Project("{9A19103F-16F7-4668-BE54-9A1E7A4F7556}") = "BancoEisen.Data", "BancoEisen.Data\BancoEisen.Data.csproj", "{137FFB2C-DA80-43B2-B13F-6448D33A5DFF}"
EndProject
Project("{9A19103F-16F7-4668-BE54-9A1E7A4F7556}") = "BancoEisen.API", "BancoEisen.API\BancoEisen.API.csproj", "{088EC562-299C-49BF-95C7-AD2B4EBCB320}"
EndProject
Project("{9A19103F-16F7-4668-BE54-9A1E7A4F7556}") = "BancoEisen.AuthProvider", "BancoEisen.AuthProvider\BancoEisen.AuthProvider.csproj", "{1D8C76C0-7E07-4A06-B6E6-191A20E5F3D1}"
EndProject
Project("{9A19103F-16F7-4668-BE54-9A1E7A4F7556}") = "BancoEisen.Services", "BancoEisen.Services\BancoEisen.Services.csproj", "{E6FD4AFB-52FA-4FEB-8C85-12CECB310014}"
EndProject
Project("{9A19103F-16F7-4668-BE54-9A1E7A4F7556}") = "BancoEisen.Messaging.EmailProducer", "BancoEisen.Messaging.EmailProducer\BancoEisen.Messaging.EmailProducer.csproj", "{18C0AC98-34BA-4F64-8933-73A261928546}"
EndProject
Project("{9A19103F-16F7-4668-BE54-9A1E7A4F7556}") = "BancoEisen.Messaging.EmailConsumer", "BancoEisen.Messaging.EmailConsumer\BancoEisen.Messaging.EmailConsumer.csproj", "{4DFE2D34-634A-432B-8DAA-59D77DC0FA60}"
EndProject
Project("{2150E333-8FDC-42A3-9474-1A3956D46DE8}") = "Docker", "Docker", "{986744B2-71BF-4B16-9997-658D69E3EFBB}"
	ProjectSection(SolutionItems) = preProject
		BancoEisen.API.Dockerfile = BancoEisen.API.Dockerfile
		BancoEisen.AuthProvider.Dockerfile = BancoEisen.AuthProvider.Dockerfile
		BancoEisen.Messaging.EmailConsumer.Dockerfile = BancoEisen.Messaging.EmailConsumer.Dockerfile
		BancoEisen.Messaging.EmailProducer.Dockerfile = BancoEisen.Messaging.EmailProducer.Dockerfile
		definitions.json = definitions.json
		docker-compose.yml = docker-compose.yml
		MSSQLServer.Dockerfile = MSSQLServer.Dockerfile
		rabbitmq.config = rabbitmq.config
		RabbitMQ.Dockerfile = RabbitMQ.Dockerfile
	EndProjectSection
EndProject
Project("{9A19103F-16F7-4668-BE54-9A1E7A4F7556}") = "BancoEisen.Services.Tests", "BancoEisen.Services.Tests\BancoEisen.Services.Tests.csproj", "{3948D0BC-CF35-406A-B028-B4F8AD3EDC40}"
EndProject
Global
	GlobalSection(SolutionConfigurationPlatforms) = preSolution
		Debug|Any CPU = Debug|Any CPU
		Release|Any CPU = Release|Any CPU
	EndGlobalSection
	GlobalSection(ProjectConfigurationPlatforms) = postSolution
		{1BDBB627-43D3-4672-BCAC-5AEECD156057}.Debug|Any CPU.ActiveCfg = Debug|Any CPU
		{1BDBB627-43D3-4672-BCAC-5AEECD156057}.Debug|Any CPU.Build.0 = Debug|Any CPU
		{1BDBB627-43D3-4672-BCAC-5AEECD156057}.Release|Any CPU.ActiveCfg = Release|Any CPU
		{1BDBB627-43D3-4672-BCAC-5AEECD156057}.Release|Any CPU.Build.0 = Release|Any CPU
		{137FFB2C-DA80-43B2-B13F-6448D33A5DFF}.Debug|Any CPU.ActiveCfg = Debug|Any CPU
		{137FFB2C-DA80-43B2-B13F-6448D33A5DFF}.Debug|Any CPU.Build.0 = Debug|Any CPU
		{137FFB2C-DA80-43B2-B13F-6448D33A5DFF}.Release|Any CPU.ActiveCfg = Release|Any CPU
		{137FFB2C-DA80-43B2-B13F-6448D33A5DFF}.Release|Any CPU.Build.0 = Release|Any CPU
		{088EC562-299C-49BF-95C7-AD2B4EBCB320}.Debug|Any CPU.ActiveCfg = Debug|Any CPU
		{088EC562-299C-49BF-95C7-AD2B4EBCB320}.Debug|Any CPU.Build.0 = Debug|Any CPU
		{088EC562-299C-49BF-95C7-AD2B4EBCB320}.Release|Any CPU.ActiveCfg = Release|Any CPU
		{088EC562-299C-49BF-95C7-AD2B4EBCB320}.Release|Any CPU.Build.0 = Release|Any CPU
		{1D8C76C0-7E07-4A06-B6E6-191A20E5F3D1}.Debug|Any CPU.ActiveCfg = Debug|Any CPU
		{1D8C76C0-7E07-4A06-B6E6-191A20E5F3D1}.Debug|Any CPU.Build.0 = Debug|Any CPU
		{1D8C76C0-7E07-4A06-B6E6-191A20E5F3D1}.Release|Any CPU.ActiveCfg = Release|Any CPU
		{1D8C76C0-7E07-4A06-B6E6-191A20E5F3D1}.Release|Any CPU.Build.0 = Release|Any CPU
		{E6FD4AFB-52FA-4FEB-8C85-12CECB310014}.Debug|Any CPU.ActiveCfg = Debug|Any CPU
		{E6FD4AFB-52FA-4FEB-8C85-12CECB310014}.Debug|Any CPU.Build.0 = Debug|Any CPU
		{E6FD4AFB-52FA-4FEB-8C85-12CECB310014}.Release|Any CPU.ActiveCfg = Release|Any CPU
		{E6FD4AFB-52FA-4FEB-8C85-12CECB310014}.Release|Any CPU.Build.0 = Release|Any CPU
		{18C0AC98-34BA-4F64-8933-73A261928546}.Debug|Any CPU.ActiveCfg = Debug|Any CPU
		{18C0AC98-34BA-4F64-8933-73A261928546}.Debug|Any CPU.Build.0 = Debug|Any CPU
		{18C0AC98-34BA-4F64-8933-73A261928546}.Release|Any CPU.ActiveCfg = Release|Any CPU
		{18C0AC98-34BA-4F64-8933-73A261928546}.Release|Any CPU.Build.0 = Release|Any CPU
		{4DFE2D34-634A-432B-8DAA-59D77DC0FA60}.Debug|Any CPU.ActiveCfg = Debug|Any CPU
		{4DFE2D34-634A-432B-8DAA-59D77DC0FA60}.Debug|Any CPU.Build.0 = Debug|Any CPU
		{4DFE2D34-634A-432B-8DAA-59D77DC0FA60}.Release|Any CPU.ActiveCfg = Release|Any CPU
		{4DFE2D34-634A-432B-8DAA-59D77DC0FA60}.Release|Any CPU.Build.0 = Release|Any CPU
		{3948D0BC-CF35-406A-B028-B4F8AD3EDC40}.Debug|Any CPU.ActiveCfg = Debug|Any CPU
		{3948D0BC-CF35-406A-B028-B4F8AD3EDC40}.Debug|Any CPU.Build.0 = Debug|Any CPU
		{3948D0BC-CF35-406A-B028-B4F8AD3EDC40}.Release|Any CPU.ActiveCfg = Release|Any CPU
		{3948D0BC-CF35-406A-B028-B4F8AD3EDC40}.Release|Any CPU.Build.0 = Release|Any CPU
	EndGlobalSection
	GlobalSection(SolutionProperties) = preSolution
		HideSolutionNode = FALSE
	EndGlobalSection
	GlobalSection(ExtensibilityGlobals) = postSolution
		SolutionGuid = {120635DB-D482-4C22-9A39-B56918BE2E28}
	EndGlobalSection
EndGlobal
